
Microsoft Visual Studio Solution File, Format Version 12.00
# Visual Studio Version 17
VisualStudioVersion = 17.13.35931.197
MinimumVisualStudioVersion = 10.0.40219.1
Project("{FAE04EC0-301F-11D3-BF4B-00C04F79EFBC}") = "SysTrack.Agent", "SysTrack.Agent\SysTrack.Agent.csproj", "{F5FC4541-FEC1-4BDF-BE47-C447AA064955}"
EndProject
Project("{FAE04EC0-301F-11D3-BF4B-00C04F79EFBC}") = "SysTrack.API", "SysTrack.API\SysTrack.API.csproj", "{D94633DB-ECB9-479C-ADC1-74799A5DEAB9}"
EndProject
Project("{FAE04EC0-301F-11D3-BF4B-00C04F79EFBC}") = "SysTrack.Client", "SysTrack.Client\SysTrack.Client.csproj", "{1BFE3BCA-12E7-4048-9250-ECE65485736B}"
EndProject
Global
	GlobalSection(SolutionConfigurationPlatforms) = preSolution
		Debug|Any CPU = Debug|Any CPU
		Release|Any CPU = Release|Any CPU
	EndGlobalSection
	GlobalSection(ProjectConfigurationPlatforms) = postSolution
		{F5FC4541-FEC1-4BDF-BE47-C447AA064955}.Debug|Any CPU.ActiveCfg = Debug|Any CPU
		{F5FC4541-FEC1-4BDF-BE47-C447AA064955}.Debug|Any CPU.Build.0 = Debug|Any CPU
		{F5FC4541-FEC1-4BDF-BE47-C447AA064955}.Release|Any CPU.ActiveCfg = Release|Any CPU
		{F5FC4541-FEC1-4BDF-BE47-C447AA064955}.Release|Any CPU.Build.0 = Release|Any CPU
		{D94633DB-ECB9-479C-ADC1-74799A5DEAB9}.Debug|Any CPU.ActiveCfg = Debug|Any CPU
		{D94633DB-ECB9-479C-ADC1-74799A5DEAB9}.Debug|Any CPU.Build.0 = Debug|Any CPU
		{D94633DB-ECB9-479C-ADC1-74799A5DEAB9}.Release|Any CPU.ActiveCfg = Release|Any CPU
		{D94633DB-ECB9-479C-ADC1-74799A5DEAB9}.Release|Any CPU.Build.0 = Release|Any CPU
		{1BFE3BCA-12E7-4048-9250-ECE65485736B}.Debug|Any CPU.ActiveCfg = Debug|Any CPU
		{1BFE3BCA-12E7-4048-9250-ECE65485736B}.Debug|Any CPU.Build.0 = Debug|Any CPU
		{1BFE3BCA-12E7-4048-9250-ECE65485736B}.Release|Any CPU.ActiveCfg = Release|Any CPU
		{1BFE3BCA-12E7-4048-9250-ECE65485736B}.Release|Any CPU.Build.0 = Release|Any CPU
	EndGlobalSection
	GlobalSection(SolutionProperties) = preSolution
		HideSolutionNode = FALSE
	EndGlobalSection
	GlobalSection(ExtensibilityGlobals) = postSolution
		SolutionGuid = {12E541C7-C622-45BD-A04B-1D20BC50A5A2}
	EndGlobalSection
EndGlobal
